{
    "_readme": [
        "This file locks the dependencies of your project to a known state",
        "Read more about it at https://getcomposer.org/doc/01-basic-usage.md#composer-lock-the-lock-file",
        "This file is @generated automatically"
    ],
    "content-hash": "fab98bdc3808d86ef8511f6e28da3dcb",
    "packages": [
        {
            "name": "codeguy/upload",
            "version": "1.3.2",
            "source": {
                "type": "git",
                "url": "https://github.com/codeguy/Upload.git",
                "reference": "6a9e5e1fb58d65346d0e557db2d46fb25efd3e37"
            },
            "dist": {
                "type": "zip",
                "url": "https://api.github.com/repos/codeguy/Upload/zipball/6a9e5e1fb58d65346d0e557db2d46fb25efd3e37",
                "reference": "6a9e5e1fb58d65346d0e557db2d46fb25efd3e37",
                "shasum": ""
            },
            "require": {
                "ext-fileinfo": "*",
                "php": ">=5.3.0"
            },
            "require-dev": {
                "phpunit/phpunit": "3.7.*"
            },
            "type": "library",
            "autoload": {
                "psr-0": {
                    "Upload": "src"
                }
            },
            "notification-url": "https://packagist.org/downloads/",
            "license": [
                "MIT"
            ],
            "authors": [
                {
                    "name": "Josh Lockhart",
                    "email": "info@joshlockhart.com",
                    "homepage": "http://www.joshlockhart.com/"
                }
            ],
            "description": "Handle file uploads with extensible validation and storage strategies",
            "homepage": "http://github.com/codeguy/Upload",
            "keywords": [
                "file",
                "upload",
                "validation"
            ],
            "time": "2013-07-07T17:01:41+00:00"
        },
        {
            "name": "instamojo/instamojo-php",
            "version": "0.3",
            "source": {
                "type": "git",
                "url": "https://github.com/Instamojo/instamojo-php.git",
                "reference": "8b5a7f76c74d156b23f91c64413bda00a2329ea5"
            },
            "dist": {
                "type": "zip",
                "url": "https://api.github.com/repos/Instamojo/instamojo-php/zipball/8b5a7f76c74d156b23f91c64413bda00a2329ea5",
                "reference": "8b5a7f76c74d156b23f91c64413bda00a2329ea5",
                "shasum": ""
            },
            "require": {
                "php": ">=5.3.0"
            },
            "type": "library",
            "autoload": {
                "psr-4": {
                    "Instamojo\\": "src/"
                }
            },
            "notification-url": "http://packagist.org/downloads/",
            "license": [
                "MIT"
            ],
            "authors": [
                {
                    "name": "Instamojo and contributors",
                    "email": "dev@instamojo.com",
                    "homepage": "https://github.com/instamojo/instamojo-php/contributors"
                }
            ],
            "description": "This is composer wrapper for instamojo-php",
            "homepage": "https://github.com/instamojo/instamojo-php/",
            "keywords": [
                "api",
                "instamojo",
                "php",
                "wrapper"
            ],
            "time": "2016-09-25T21:46:32+00:00"
        },
        {
            "name": "swiftmailer/swiftmailer",
            "version": "v5.4.5",
            "source": {
                "type": "git",
                "url": "https://github.com/swiftmailer/swiftmailer.git",
                "reference": "cd142238a339459b10da3d8234220963f392540c"
            },
            "dist": {
                "type": "zip",
                "url": "https://api.github.com/repos/swiftmailer/swiftmailer/zipball/cd142238a339459b10da3d8234220963f392540c",
                "reference": "cd142238a339459b10da3d8234220963f392540c",
                "shasum": ""
            },
            "require": {
                "php": ">=5.3.3"
            },
            "require-dev": {
                "mockery/mockery": "~0.9.1",
                "symfony/phpunit-bridge": "~3.2"
            },
            "type": "library",
            "extra": {
                "branch-alias": {
                    "dev-master": "5.4-dev"
                }
            },
            "autoload": {
                "files": [
                    "lib/swift_required.php"
                ]
            },
            "notification-url": "http://packagist.org/downloads/",
            "license": [
                "MIT"
            ],
            "authors": [
                {
                    "name": "Chris Corbyn"
                },
                {
                    "name": "Fabien Potencier",
                    "email": "fabien@symfony.com"
                }
            ],
            "description": "Swiftmailer, free feature-rich PHP mailer",
            "homepage": "http://swiftmailer.org",
            "keywords": [
                "email",
                "mail",
                "mailer"
            ],
            "time": "2016-12-29T10:02:40+00:00"
        },
        {
            "name": "testinaweb/dynamic-crypto",
            "version": "dev-master",
            "source": {
                "type": "git",
                "url": "https://github.com/testinaweb/dynamic-crypto.git",
                "reference": "055ab36aa260a543e1cb2cdf946b8a1e94f8f752"
            },
            "dist": {
                "type": "zip",
                "url": "https://api.github.com/repos/testinaweb/dynamic-crypto/zipball/055ab36aa260a543e1cb2cdf946b8a1e94f8f752",
                "reference": "055ab36aa260a543e1cb2cdf946b8a1e94f8f752",
                "shasum": ""
            },
            "require": {
                "php": ">=5.4.0"
            },
            "require-dev": {
                "behat/behat": "3.0.*@dev",
                "phpunit/phpunit": "4.5.*@dev"
            },
            "type": "library",
            "extra": {
                "branch-alias": {
                    "dev-master": "1.0.x-dev"
                }
            },
            "autoload": {
                "psr-4": {
                    "DynamicCrypto\\": "src/"
                }
            },
            "notification-url": "http://packagist.org/downloads/",
            "license": [
                "MIT"
            ],
            "authors": [
                {
                    "name": "Manuel Kanah",
                    "email": "manuel@kanah.it",
                    "homepage": "http://www.labna.it",
                    "role": "Developer"
                }
            ],
            "description": "A php library to encrypt and decrypt strings with dynamic keys",
            "homepage": "https://github.com/testinaweb/dynamic-crypto",
            "keywords": [
                "decrypt",
                "decrypter",
                "encrypt",
                "encrypter",
                "mcrypt"
            ],
            "time": "2015-03-23 20:17:13"
        }
    ],
    "packages-dev": [],
    "aliases": [],
    "minimum-stability": "stable",
    "stability-flags": {
        "swiftmailer/swiftmailer": 0,
        "testinaweb/dynamic-crypto": 20
    },
    "prefer-stable": false,
    "prefer-lowest": false,
    "platform": [],
    "platform-dev": []
}
